
Microsoft Visual Studio Solution File, Format Version 12.00
# Visual Studio 2012
Project("{8BC9CEB8-8B4A-11D0-8D11-00A0C91BC942}") = "base", "base\base.vcxproj", "{E4B80385-81B1-4156-907D-C0F73BED1367}"
EndProject
Project("{8BC9CEB8-8B4A-11D0-8D11-00A0C91BC942}") = "tests", "tests\tests.vcxproj", "{9F4AE46E-BA68-4F0D-ABA9-1EAAA27349B9}"
	ProjectSection(ProjectDependencies) = postProject
		{E4B80385-81B1-4156-907D-C0F73BED1367} = {E4B80385-81B1-4156-907D-C0F73BED1367}
	EndProjectSection
EndProject
Project("{8BC9CEB8-8B4A-11D0-8D11-00A0C91BC942}") = "util", "util\util.vcxproj", "{DB45C44B-91C0-4E98-B3B0-1F161E9F8E5A}"
EndProject
Project("{8BC9CEB8-8B4A-11D0-8D11-00A0C91BC942}") = "Game", "Game\Game.vcxproj", "{6F387A27-021A-4003-850C-0C9F716094AB}"
EndProject
Project("{8BC9CEB8-8B4A-11D0-8D11-00A0C91BC942}") = "combat", "combat\combat.vcxproj", "{1CB07897-6743-43CC-B822-1C5280E6B2D3}"
EndProject
Global
	GlobalSection(SolutionConfigurationPlatforms) = preSolution
		Debug|Win32 = Debug|Win32
		Release|Win32 = Release|Win32
	EndGlobalSection
	GlobalSection(ProjectConfigurationPlatforms) = postSolution
		{E4B80385-81B1-4156-907D-C0F73BED1367}.Debug|Win32.ActiveCfg = Debug|Win32
		{E4B80385-81B1-4156-907D-C0F73BED1367}.Debug|Win32.Build.0 = Debug|Win32
		{E4B80385-81B1-4156-907D-C0F73BED1367}.Release|Win32.ActiveCfg = Release|Win32
		{E4B80385-81B1-4156-907D-C0F73BED1367}.Release|Win32.Build.0 = Release|Win32
		{9F4AE46E-BA68-4F0D-ABA9-1EAAA27349B9}.Debug|Win32.ActiveCfg = Debug|Win32
		{9F4AE46E-BA68-4F0D-ABA9-1EAAA27349B9}.Debug|Win32.Build.0 = Debug|Win32
		{9F4AE46E-BA68-4F0D-ABA9-1EAAA27349B9}.Release|Win32.ActiveCfg = Release|Win32
		{9F4AE46E-BA68-4F0D-ABA9-1EAAA27349B9}.Release|Win32.Build.0 = Release|Win32
		{DB45C44B-91C0-4E98-B3B0-1F161E9F8E5A}.Debug|Win32.ActiveCfg = Debug|Win32
		{DB45C44B-91C0-4E98-B3B0-1F161E9F8E5A}.Debug|Win32.Build.0 = Debug|Win32
		{DB45C44B-91C0-4E98-B3B0-1F161E9F8E5A}.Release|Win32.ActiveCfg = Release|Win32
		{DB45C44B-91C0-4E98-B3B0-1F161E9F8E5A}.Release|Win32.Build.0 = Release|Win32
		{6F387A27-021A-4003-850C-0C9F716094AB}.Debug|Win32.ActiveCfg = Debug|Win32
		{6F387A27-021A-4003-850C-0C9F716094AB}.Debug|Win32.Build.0 = Debug|Win32
		{6F387A27-021A-4003-850C-0C9F716094AB}.Release|Win32.ActiveCfg = Release|Win32
		{6F387A27-021A-4003-850C-0C9F716094AB}.Release|Win32.Build.0 = Release|Win32
		{1CB07897-6743-43CC-B822-1C5280E6B2D3}.Debug|Win32.ActiveCfg = Debug|Win32
		{1CB07897-6743-43CC-B822-1C5280E6B2D3}.Debug|Win32.Build.0 = Debug|Win32
		{1CB07897-6743-43CC-B822-1C5280E6B2D3}.Release|Win32.ActiveCfg = Release|Win32
		{1CB07897-6743-43CC-B822-1C5280E6B2D3}.Release|Win32.Build.0 = Release|Win32
	EndGlobalSection
	GlobalSection(SolutionProperties) = preSolution
		HideSolutionNode = FALSE
	EndGlobalSection
EndGlobal
